
Microsoft Visual Studio Solution File, Format Version 12.00
# Visual Studio 2013
VisualStudioVersion = 12.0.21005.1
MinimumVisualStudioVersion = 10.0.40219.1
Project("{FAE04EC0-301F-11D3-BF4B-00C04F79EFBC}") = "ExtensionMethodsDelegatesLambdaLINQ", "ExtensionMethodsDelegatesLambdaLINQ\ExtensionMethodsDelegatesLambdaLINQ.csproj", "{32F5C57C-4307-44BB-9D16-084F792C37F6}"
EndProject
Project("{FAE04EC0-301F-11D3-BF4B-00C04F79EFBC}") = "09.StudentGroups", "StudentGroups\09.StudentGroups.csproj", "{ACBE7428-291D-4C6D-BE41-C4DF3986D488}"
EndProject
Global
	GlobalSection(SolutionConfigurationPlatforms) = preSolution
		Debug|Any CPU = Debug|Any CPU
		Release|Any CPU = Release|Any CPU
	EndGlobalSection
	GlobalSection(ProjectConfigurationPlatforms) = postSolution
		{32F5C57C-4307-44BB-9D16-084F792C37F6}.Debug|Any CPU.ActiveCfg = Debug|Any CPU
		{32F5C57C-4307-44BB-9D16-084F792C37F6}.Debug|Any CPU.Build.0 = Debug|Any CPU
		{32F5C57C-4307-44BB-9D16-084F792C37F6}.Release|Any CPU.ActiveCfg = Release|Any CPU
		{32F5C57C-4307-44BB-9D16-084F792C37F6}.Release|Any CPU.Build.0 = Release|Any CPU
		{ACBE7428-291D-4C6D-BE41-C4DF3986D488}.Debug|Any CPU.ActiveCfg = Debug|Any CPU
		{ACBE7428-291D-4C6D-BE41-C4DF3986D488}.Debug|Any CPU.Build.0 = Debug|Any CPU
		{ACBE7428-291D-4C6D-BE41-C4DF3986D488}.Release|Any CPU.ActiveCfg = Release|Any CPU
		{ACBE7428-291D-4C6D-BE41-C4DF3986D488}.Release|Any CPU.Build.0 = Release|Any CPU
	EndGlobalSection
	GlobalSection(SolutionProperties) = preSolution
		HideSolutionNode = FALSE
	EndGlobalSection
EndGlobal
